{
  "version": "4",
  "specifiers": {
    "npm:@types/node@*": "22.12.0",
    "npm:@typescript-eslint/typescript-estree@*": "8.21.0_typescript@5.4.5",
    "npm:@typescript-eslint/typescript-estree@7.11.0": "7.11.0",
    "npm:tiny-ts-parser@*": "0.1.3"
  },
  "npm": {
    "@nodelib/fs.scandir@2.1.5": {
      "integrity": "sha512-vq24Bq3ym5HEQm2NKCr3yXDwjc7vTsEThRDnkp2DK9p1uqLR+DHurm/NOTo0KG7HYHU7eppKZj3MyqYuMBf62g==",
      "dependencies": [
        "@nodelib/fs.stat",
        "run-parallel"
      ]
    },
    "@nodelib/fs.stat@2.0.5": {
      "integrity": "sha512-RkhPPp2zrqDAQA/2jNhnztcPAlv64XdhIp7a7454A5ovI7Bukxgt7MX7udwAu3zg1DcpPU0rz3VV1SeaqvY4+A=="
    },
    "@nodelib/fs.walk@1.2.8": {
      "integrity": "sha512-oGB+UxlgWcgQkgwo8GcEGwemoTFt3FIO9ababBmaGwXIoBKZ+GTy0pP185beGg7Llih/NSHSV2XAs1lnznocSg==",
      "dependencies": [
        "@nodelib/fs.scandir",
        "fastq"
      ]
    },
    "@types/node@22.12.0": {
      "integrity": "sha512-Fll2FZ1riMjNmlmJOdAyY5pUbkftXslB5DgEzlIuNaiWhXd00FhWxVC/r4yV/4wBb9JfImTu+jiSvXTkJ7F/gA==",
      "dependencies": [
        "undici-types"
      ]
    },
    "@typescript-eslint/types@7.11.0": {
      "integrity": "sha512-MPEsDRZTyCiXkD4vd3zywDCifi7tatc4K37KqTprCvaXptP7Xlpdw0NR2hRJTetG5TxbWDB79Ys4kLmHliEo/w=="
    },
    "@typescript-eslint/types@7.16.0": {
      "integrity": "sha512-fecuH15Y+TzlUutvUl9Cc2XJxqdLr7+93SQIbcZfd4XRGGKoxyljK27b+kxKamjRkU7FYC6RrbSCg0ALcZn/xw=="
    },
    "@typescript-eslint/types@8.21.0": {
      "integrity": "sha512-PAL6LUuQwotLW2a8VsySDBwYMm129vFm4tMVlylzdoTybTHaAi0oBp7Ac6LhSrHHOdLM3efH+nAR6hAWoMF89A=="
    },
    "@typescript-eslint/types@8.24.0": {
      "integrity": "sha512-VacJCBTyje7HGAw7xp11q439A+zeGG0p0/p2zsZwpnMzjPB5WteaWqt4g2iysgGFafrqvyLWqq6ZPZAOCoefCw=="
    },
    "@typescript-eslint/types@8.30.1": {
      "integrity": "sha512-81KawPfkuulyWo5QdyG/LOKbspyyiW+p4vpn4bYO7DM/hZImlVnFwrpCTnmNMOt8CvLRr5ojI9nU1Ekpw4RcEw=="
    },
    "@typescript-eslint/typescript-estree@7.11.0": {
      "integrity": "sha512-cxkhZ2C/iyi3/6U9EPc5y+a6csqHItndvN/CzbNXTNrsC3/ASoYQZEt9uMaEp+xFNjasqQyszp5TumAVKKvJeQ==",
      "dependencies": [
        "@typescript-eslint/types@7.11.0",
        "@typescript-eslint/visitor-keys@7.11.0",
        "debug",
        "globby",
        "is-glob",
        "minimatch",
        "semver",
        "ts-api-utils@1.3.0_typescript@5.4.5"
      ]
    },
    "@typescript-eslint/typescript-estree@7.16.0": {
      "integrity": "sha512-a5NTvk51ZndFuOLCh5OaJBELYc2O3Zqxfl3Js78VFE1zE46J2AaVuW+rEbVkQznjkmlzWsUI15BG5tQMixzZLw==",
      "dependencies": [
        "@typescript-eslint/types@7.16.0",
        "@typescript-eslint/visitor-keys@7.16.0",
        "debug",
        "globby",
        "is-glob",
        "minimatch",
        "semver",
        "ts-api-utils@1.3.0_typescript@5.4.5"
      ]
    },
    "@typescript-eslint/typescript-estree@8.21.0_typescript@5.4.5": {
      "integrity": "sha512-x+aeKh/AjAArSauz0GiQZsjT8ciadNMHdkUSwBB9Z6PrKc/4knM4g3UfHml6oDJmKC88a6//cdxnO/+P2LkMcg==",
      "dependencies": [
        "@typescript-eslint/types@8.21.0",
        "@typescript-eslint/visitor-keys@8.21.0",
        "debug",
        "fast-glob",
        "is-glob",
        "minimatch",
        "semver",
        "ts-api-utils@2.1.0_typescript@5.4.5",
        "typescript"
      ]
    },
    "@typescript-eslint/typescript-estree@8.24.0_typescript@5.4.5": {
      "integrity": "sha512-ITjYcP0+8kbsvT9bysygfIfb+hBj6koDsu37JZG7xrCiy3fPJyNmfVtaGsgTUSEuTzcvME5YI5uyL5LD1EV5ZQ==",
      "dependencies": [
        "@typescript-eslint/types@8.24.0",
        "@typescript-eslint/visitor-keys@8.24.0",
        "debug",
        "fast-glob",
        "is-glob",
        "minimatch",
        "semver",
        "ts-api-utils@2.0.1_typescript@5.4.5",
        "typescript"
      ]
    },
    "@typescript-eslint/typescript-estree@8.30.1_typescript@5.4.5": {
      "integrity": "sha512-kQQnxymiUy9tTb1F2uep9W6aBiYODgq5EMSk6Nxh4Z+BDUoYUSa029ISs5zTzKBFnexQEh71KqwjKnRz58lusQ==",
      "dependencies": [
        "@typescript-eslint/types@8.30.1",
        "@typescript-eslint/visitor-keys@8.30.1",
        "debug",
        "fast-glob",
        "is-glob",
        "minimatch",
        "semver",
        "ts-api-utils@2.1.0_typescript@5.4.5",
        "typescript"
      ]
    },
    "@typescript-eslint/visitor-keys@7.11.0": {
      "integrity": "sha512-7syYk4MzjxTEk0g/w3iqtgxnFQspDJfn6QKD36xMuuhTzjcxY7F8EmBLnALjVyaOF1/bVocu3bS/2/F7rXrveQ==",
      "dependencies": [
        "@typescript-eslint/types@7.11.0",
        "eslint-visitor-keys@3.4.3"
      ]
    },
    "@typescript-eslint/visitor-keys@7.16.0": {
      "integrity": "sha512-rMo01uPy9C7XxG7AFsxa8zLnWXTF8N3PYclekWSrurvhwiw1eW88mrKiAYe6s53AUY57nTRz8dJsuuXdkAhzCg==",
      "dependencies": [
        "@typescript-eslint/types@7.16.0",
        "eslint-visitor-keys@3.4.3"
      ]
    },
    "@typescript-eslint/visitor-keys@8.21.0": {
      "integrity": "sha512-BkLMNpdV6prozk8LlyK/SOoWLmUFi+ZD+pcqti9ILCbVvHGk1ui1g4jJOc2WDLaeExz2qWwojxlPce5PljcT3w==",
      "dependencies": [
        "@typescript-eslint/types@8.21.0",
        "eslint-visitor-keys@4.2.0"
      ]
    },
    "@typescript-eslint/visitor-keys@8.24.0": {
      "integrity": "sha512-kArLq83QxGLbuHrTMoOEWO+l2MwsNS2TGISEdx8xgqpkbytB07XmlQyQdNDrCc1ecSqx0cnmhGvpX+VBwqqSkg==",
      "dependencies": [
        "@typescript-eslint/types@8.24.0",
        "eslint-visitor-keys@4.2.0"
      ]
    },
    "@typescript-eslint/visitor-keys@8.30.1": {
      "integrity": "sha512-aEhgas7aJ6vZnNFC7K4/vMGDGyOiqWcYZPpIWrTKuTAlsvDNKy2GFDqh9smL+iq069ZvR0YzEeq0B8NJlLzjFA==",
      "dependencies": [
        "@typescript-eslint/types@8.30.1",
        "eslint-visitor-keys@4.2.0"
      ]
    },
    "array-union@2.1.0": {
      "integrity": "sha512-HGyxoOTYUyCM6stUe6EJgnd4EoewAI7zMdfqO+kGjnlZmBDz/cR5pf8r/cR4Wq60sL/p0IkcjUEEPwS3GFrIyw=="
    },
    "balanced-match@1.0.2": {
      "integrity": "sha512-3oSeUO0TMV67hN1AmbXsK4yaqU7tjiHlbxRDZOpH0KW9+CeX4bRAaX0Anxt0tx2MrpRpWwQaPwIlISEJhYU5Pw=="
    },
    "brace-expansion@2.0.1": {
      "integrity": "sha512-XnAIvQ8eM+kC6aULx6wuQiwVsnzsi9d3WxzV3FpWTGA19F621kwdbsAcFKXgKUHZWsy+mY6iL1sHTxWEFCytDA==",
      "dependencies": [
        "balanced-match"
      ]
    },
    "braces@3.0.3": {
      "integrity": "sha512-yQbXgO/OSZVD2IsiLlro+7Hf6Q18EJrKSEsdoMzKePKXct3gvD8oLcOQdIzGupr5Fj+EDe8gO/lxc1BzfMpxvA==",
      "dependencies": [
        "fill-range"
      ]
    },
    "debug@4.3.5": {
      "integrity": "sha512-pt0bNEmneDIvdL1Xsd9oDQ/wrQRkXDT4AUWlNZNPKvW5x/jyO9VFXkJUP07vQ2upmw5PlaITaPKc31jK13V+jg==",
      "dependencies": [
        "ms"
      ]
    },
    "dir-glob@3.0.1": {
      "integrity": "sha512-WkrWp9GR4KXfKGYzOLmTuGVi1UWFfws377n9cc55/tb6DuqyF6pcQ5AbiHEshaDpY9v6oaSr2XCDidGmMwdzIA==",
      "dependencies": [
        "path-type"
      ]
    },
    "eslint-visitor-keys@3.4.3": {
      "integrity": "sha512-wpc+LXeiyiisxPlEkUzU6svyS1frIO3Mgxj1fdy7Pm8Ygzguax2N3Fa/D/ag1WqbOprdI+uY6wMUl8/a2G+iag=="
    },
    "eslint-visitor-keys@4.2.0": {
      "integrity": "sha512-UyLnSehNt62FFhSwjZlHmeokpRK59rcz29j+F1/aDgbkbRTk7wIc9XzdoasMUbRNKDM0qQt/+BJ4BrpFeABemw=="
    },
    "fast-glob@3.3.2": {
      "integrity": "sha512-oX2ruAFQwf/Orj8m737Y5adxDQO0LAB7/S5MnxCdTNDd4p6BsyIVsv9JQsATbTSq8KHRpLwIHbVlUNatxd+1Ow==",
      "dependencies": [
        "@nodelib/fs.stat",
        "@nodelib/fs.walk",
        "glob-parent",
        "merge2",
        "micromatch"
      ]
    },
    "fastq@1.17.1": {
      "integrity": "sha512-sRVD3lWVIXWg6By68ZN7vho9a1pQcN/WBFaAAsDDFzlJjvoGx0P8z7V1t72grFJfJhu3YPZBuu25f7Kaw2jN1w==",
      "dependencies": [
        "reusify"
      ]
    },
    "fill-range@7.1.1": {
      "integrity": "sha512-YsGpe3WHLK8ZYi4tWDg2Jy3ebRz2rXowDxnld4bkQB00cc/1Zw9AWnC0i9ztDJitivtQvaI9KaLyKrc+hBW0yg==",
      "dependencies": [
        "to-regex-range"
      ]
    },
    "glob-parent@5.1.2": {
      "integrity": "sha512-AOIgSQCepiJYwP3ARnGx+5VnTu2HBYdzbGP45eLw1vr3zB3vZLeyed1sC9hnbcOc9/SrMyM5RPQrkGz4aS9Zow==",
      "dependencies": [
        "is-glob"
      ]
    },
    "globby@11.1.0": {
      "integrity": "sha512-jhIXaOzy1sb8IyocaruWSn1TjmnBVs8Ayhcy83rmxNJ8q2uWKCAj3CnJY+KpGSXCueAPc0i05kVvVKtP1t9S3g==",
      "dependencies": [
        "array-union",
        "dir-glob",
        "fast-glob",
        "ignore",
        "merge2",
        "slash"
      ]
    },
    "ignore@5.3.1": {
      "integrity": "sha512-5Fytz/IraMjqpwfd34ke28PTVMjZjJG2MPn5t7OE4eUCUNf8BAa7b5WUS9/Qvr6mwOQS7Mk6vdsMno5he+T8Xw=="
    },
    "is-extglob@2.1.1": {
      "integrity": "sha512-SbKbANkN603Vi4jEZv49LeVJMn4yGwsbzZworEoyEiutsN3nJYdbO36zfhGJ6QEDpOZIFkDtnq5JRxmvl3jsoQ=="
    },
    "is-glob@4.0.3": {
      "integrity": "sha512-xelSayHH36ZgE7ZWhli7pW34hNbNl8Ojv5KVmkJD4hBdD3th8Tfk9vYasLM+mXWOZhFkgZfxhLSnrwRr4elSSg==",
      "dependencies": [
        "is-extglob"
      ]
    },
    "is-number@7.0.0": {
      "integrity": "sha512-41Cifkg6e8TylSpdtTpeLVMqvSBEVzTttHvERD741+pnZ8ANv0004MRL43QKPDlK9cGvNp6NZWZUBlbGXYxxng=="
    },
    "merge2@1.4.1": {
      "integrity": "sha512-8q7VEgMJW4J8tcfVPy8g09NcQwZdbwFEqhe/WZkoIzjn/3TGDwtOCYtXGxA3O8tPzpczCCDgv+P2P5y00ZJOOg=="
    },
    "micromatch@4.0.7": {
      "integrity": "sha512-LPP/3KorzCwBxfeUuZmaR6bG2kdeHSbe0P2tY3FLRU4vYrjYz5hI4QZwV0njUx3jeuKe67YukQ1LSPZBKDqO/Q==",
      "dependencies": [
        "braces",
        "picomatch"
      ]
    },
    "minimatch@9.0.5": {
      "integrity": "sha512-G6T0ZX48xgozx7587koeX9Ys2NYy6Gmv//P89sEte9V9whIapMNF4idKxnW2QtCcLiTWlb/wfCabAtAFWhhBow==",
      "dependencies": [
        "brace-expansion"
      ]
    },
    "ms@2.1.2": {
      "integrity": "sha512-sGkPx+VjMtmA6MX27oA4FBFELFCZZ4S4XqeGOXCv68tT+jb3vk/RyaKWP0PTKyWtmLSM0b+adUTEvbs1PEaH2w=="
    },
    "path-type@4.0.0": {
      "integrity": "sha512-gDKb8aZMDeD/tZWs9P6+q0J9Mwkdl6xMV8TjnGP3qJVJ06bdMgkbBlLU8IdfOsIsFz2BW1rNVT3XuNEl8zPAvw=="
    },
    "picomatch@2.3.1": {
      "integrity": "sha512-JU3teHTNjmE2VCGFzuY8EXzCDVwEqB2a8fsIvwaStHhAWJEeVd1o1QD80CU6+ZdEXXSLbSsuLwJjkCBWqRQUVA=="
    },
    "queue-microtask@1.2.3": {
      "integrity": "sha512-NuaNSa6flKT5JaSYQzJok04JzTL1CA6aGhv5rfLW3PgqA+M2ChpZQnAC8h8i4ZFkBS8X5RqkDBHA7r4hej3K9A=="
    },
    "reusify@1.0.4": {
      "integrity": "sha512-U9nH88a3fc/ekCF1l0/UP1IosiuIjyTh7hBvXVMHYgVcfGvt897Xguj2UOLDeI5BG2m7/uwyaLVT6fbtCwTyzw=="
    },
    "run-parallel@1.2.0": {
      "integrity": "sha512-5l4VyZR86LZ/lDxZTR6jqL8AFE2S0IFLMP26AbjsLVADxHdhB/c0GUsH+y39UfCi3dzz8OlQuPmnaJOMoDHQBA==",
      "dependencies": [
        "queue-microtask"
      ]
    },
    "semver@7.6.2": {
      "integrity": "sha512-FNAIBWCx9qcRhoHcgcJ0gvU7SN1lYU2ZXuSfl04bSC5OpvDHFyJCjdNHomPXxjQlCBU67YW64PzY7/VIEH7F2w=="
    },
    "slash@3.0.0": {
      "integrity": "sha512-g9Q1haeby36OSStwb4ntCGGGaKsaVSjQ68fBxoQcutl5fS1vuY18H3wSt3jFyFtrkx+Kz0V1G85A4MyAdDMi2Q=="
    },
    "tiny-ts-parser@0.1.3": {
      "integrity": "sha512-EKXKcEBJ4i0bOVwJdr2cbjlvjvdlQPD46evolIIeIyE7dzldi2lWA16WAFyL0ZspV/7t2vmDt+CEub6UqCpQ3w==",
      "dependencies": [
        "@typescript-eslint/typescript-estree@8.30.1_typescript@5.4.5"
      ]
    },
    "to-regex-range@5.0.1": {
      "integrity": "sha512-65P7iz6X5yEr1cwcgvQxbbIw7Uk3gOy5dIdtZ4rDveLqhrdJP+Li/Hx6tyK0NEb+2GCyneCMJiGqrADCSNk8sQ==",
      "dependencies": [
        "is-number"
      ]
    },
    "ts-api-utils@1.3.0_typescript@5.4.5": {
      "integrity": "sha512-UQMIo7pb8WRomKR1/+MFVLTroIvDVtMX3K6OUir8ynLyzB8Jeriont2bTAtmNPa1ekAgN7YPDyf6V+ygrdU+eQ==",
      "dependencies": [
        "typescript"
      ]
    },
    "ts-api-utils@2.0.1_typescript@5.4.5": {
      "integrity": "sha512-dnlgjFSVetynI8nzgJ+qF62efpglpWRk8isUEWZGWlJYySCTD6aKvbUDu+zbPeDakk3bg5H4XpitHukgfL1m9w==",
      "dependencies": [
        "typescript"
      ]
    },
    "ts-api-utils@2.1.0_typescript@5.4.5": {
      "integrity": "sha512-CUgTZL1irw8u29bzrOD/nH85jqyc74D6SshFgujOIA7osm2Rz7dYH77agkx7H4FBNxDq7Cjf+IjaX/8zwFW+ZQ==",
      "dependencies": [
        "typescript"
      ]
    },
    "typescript@5.4.5": {
      "integrity": "sha512-vcI4UpRgg81oIRUFwR0WSIHKt11nJ7SAVlYNIu+QpqeyXP+gpQJy/Z4+F0aGxSE4MqwjyXvW/TzgkLAx2AGHwQ=="
    },
    "undici-types@6.20.0": {
      "integrity": "sha512-Ny6QZ2Nju20vw1SRHe3d9jVu6gJ+4e3+MMpqu7pqE5HT6WsTSlce++GQmK5UXS8mzV8DSYHrQH+Xrf2jVcuKNg=="
    }
  },
  "remote": {
    "https://deno.land/std@0.224.0/assert/_constants.ts": "a271e8ef5a573f1df8e822a6eb9d09df064ad66a4390f21b3e31f820a38e0975",
    "https://deno.land/std@0.224.0/assert/assert.ts": "09d30564c09de846855b7b071e62b5974b001bb72a4b797958fe0660e7849834",
    "https://deno.land/std@0.224.0/assert/assert_almost_equals.ts": "9e416114322012c9a21fa68e187637ce2d7df25bcbdbfd957cd639e65d3cf293",
    "https://deno.land/std@0.224.0/assert/assert_array_includes.ts": "14c5094471bc8e4a7895fc6aa5a184300d8a1879606574cb1cd715ef36a4a3c7",
    "https://deno.land/std@0.224.0/assert/assert_equals.ts": "3bbca947d85b9d374a108687b1a8ba3785a7850436b5a8930d81f34a32cb8c74",
    "https://deno.land/std@0.224.0/assert/assert_exists.ts": "43420cf7f956748ae6ed1230646567b3593cb7a36c5a5327269279c870c5ddfd",
    "https://deno.land/std@0.224.0/assert/assert_false.ts": "3e9be8e33275db00d952e9acb0cd29481a44fa0a4af6d37239ff58d79e8edeff",
    "https://deno.land/std@0.224.0/assert/assert_greater.ts": "5e57b201fd51b64ced36c828e3dfd773412c1a6120c1a5a99066c9b261974e46",
    "https://deno.land/std@0.224.0/assert/assert_greater_or_equal.ts": "9870030f997a08361b6f63400273c2fb1856f5db86c0c3852aab2a002e425c5b",
    "https://deno.land/std@0.224.0/assert/assert_instance_of.ts": "e22343c1fdcacfaea8f37784ad782683ec1cf599ae9b1b618954e9c22f376f2c",
    "https://deno.land/std@0.224.0/assert/assert_is_error.ts": "f856b3bc978a7aa6a601f3fec6603491ab6255118afa6baa84b04426dd3cc491",
    "https://deno.land/std@0.224.0/assert/assert_less.ts": "60b61e13a1982865a72726a5fa86c24fad7eb27c3c08b13883fb68882b307f68",
    "https://deno.land/std@0.224.0/assert/assert_less_or_equal.ts": "d2c84e17faba4afe085e6c9123a63395accf4f9e00150db899c46e67420e0ec3",
    "https://deno.land/std@0.224.0/assert/assert_match.ts": "ace1710dd3b2811c391946954234b5da910c5665aed817943d086d4d4871a8b7",
    "https://deno.land/std@0.224.0/assert/assert_not_equals.ts": "78d45dd46133d76ce624b2c6c09392f6110f0df9b73f911d20208a68dee2ef29",
    "https://deno.land/std@0.224.0/assert/assert_not_instance_of.ts": "3434a669b4d20cdcc5359779301a0588f941ffdc2ad68803c31eabdb4890cf7a",
    "https://deno.land/std@0.224.0/assert/assert_not_match.ts": "df30417240aa2d35b1ea44df7e541991348a063d9ee823430e0b58079a72242a",
    "https://deno.land/std@0.224.0/assert/assert_not_strict_equals.ts": "37f73880bd672709373d6dc2c5f148691119bed161f3020fff3548a0496f71b8",
    "https://deno.land/std@0.224.0/assert/assert_object_match.ts": "411450fd194fdaabc0089ae68f916b545a49d7b7e6d0026e84a54c9e7eed2693",
    "https://deno.land/std@0.224.0/assert/assert_rejects.ts": "4bee1d6d565a5b623146a14668da8f9eb1f026a4f338bbf92b37e43e0aa53c31",
    "https://deno.land/std@0.224.0/assert/assert_strict_equals.ts": "b4f45f0fd2e54d9029171876bd0b42dd9ed0efd8f853ab92a3f50127acfa54f5",
    "https://deno.land/std@0.224.0/assert/assert_string_includes.ts": "496b9ecad84deab72c8718735373feb6cdaa071eb91a98206f6f3cb4285e71b8",
    "https://deno.land/std@0.224.0/assert/assert_throws.ts": "c6508b2879d465898dab2798009299867e67c570d7d34c90a2d235e4553906eb",
    "https://deno.land/std@0.224.0/assert/assertion_error.ts": "ba8752bd27ebc51f723702fac2f54d3e94447598f54264a6653d6413738a8917",
    "https://deno.land/std@0.224.0/assert/equal.ts": "bddf07bb5fc718e10bb72d5dc2c36c1ce5a8bdd3b647069b6319e07af181ac47",
    "https://deno.land/std@0.224.0/assert/fail.ts": "0eba674ffb47dff083f02ced76d5130460bff1a9a68c6514ebe0cdea4abadb68",
    "https://deno.land/std@0.224.0/assert/mod.ts": "48b8cb8a619ea0b7958ad7ee9376500fe902284bb36f0e32c598c3dc34cbd6f3",
    "https://deno.land/std@0.224.0/assert/unimplemented.ts": "8c55a5793e9147b4f1ef68cd66496b7d5ba7a9e7ca30c6da070c1a58da723d73",
    "https://deno.land/std@0.224.0/assert/unreachable.ts": "5ae3dbf63ef988615b93eb08d395dda771c96546565f9e521ed86f6510c29e19",
    "https://deno.land/std@0.224.0/fmt/colors.ts": "508563c0659dd7198ba4bbf87e97f654af3c34eb56ba790260f252ad8012e1c5",
    "https://deno.land/std@0.224.0/internal/diff.ts": "6234a4b493ebe65dc67a18a0eb97ef683626a1166a1906232ce186ae9f65f4e6",
    "https://deno.land/std@0.224.0/internal/format.ts": "0a98ee226fd3d43450245b1844b47003419d34d210fa989900861c79820d21c2",
    "https://deno.land/std@0.224.0/internal/mod.ts": "534125398c8e7426183e12dc255bb635d94e06d0f93c60a297723abe69d3b22e"
  }
}
