{
  "name": "examples",
  "lockfileVersion": 3,
  "requires": true,
  "packages": {
    "": {
      "dependencies": {
        "tiny-ts-parser": "file:../"
      }
    },
    "..": {
      "version": "0.1.0",
      "license": "MIT",
      "dependencies": {
        "@typescript-eslint/typescript-estree": "^8.21.0"
      },
      "devDependencies": {
        "tsup": "^8.3.5",
        "typescript": "^5.7.3"
      }
    },
    "../tiny-ts-parser": {
      "extraneous": true
    },
    "node_modules/tiny-ts-parser": {
      "resolved": "..",
      "link": true
    },
    "tiny-ts-parser": {
      "version": "0.1.0",
      "extraneous": true,
      "license": "MIT",
      "dependencies": {
        "@typescript-eslint/typescript-estree": "^8.21.0"
      },
      "devDependencies": {
        "tsup": "^8.3.5"
      }
    }
  }
}
